
Microsoft Visual Studio Solution File, Format Version 12.00
# Visual Studio Version 16
VisualStudioVersion = 16.0.31129.286
MinimumVisualStudioVersion = 10.0.40219.1
Project("{FAE04EC0-301F-11D3-BF4B-00C04F79EFBC}") = "LearnMethods", "LearnMethods\LearnMethods.csproj", "{7D7DA0FB-59E7-4E0E-892A-D8FB9A7FD952}"
EndProject
Global
	GlobalSection(SolutionConfigurationPlatforms) = preSolution
		Debug|Any CPU = Debug|Any CPU
		Release|Any CPU = Release|Any CPU
	EndGlobalSection
	GlobalSection(ProjectConfigurationPlatforms) = postSolution
		{7D7DA0FB-59E7-4E0E-892A-D8FB9A7FD952}.Debug|Any CPU.ActiveCfg = Debug|Any CPU
		{7D7DA0FB-59E7-4E0E-892A-D8FB9A7FD952}.Debug|Any CPU.Build.0 = Debug|Any CPU
		{7D7DA0FB-59E7-4E0E-892A-D8FB9A7FD952}.Release|Any CPU.ActiveCfg = Release|Any CPU
		{7D7DA0FB-59E7-4E0E-892A-D8FB9A7FD952}.Release|Any CPU.Build.0 = Release|Any CPU
	EndGlobalSection
	GlobalSection(SolutionProperties) = preSolution
		HideSolutionNode = FALSE
	EndGlobalSection
	GlobalSection(ExtensibilityGlobals) = postSolution
		SolutionGuid = {C6F09E3A-525E-4FB2-86D7-5C1CA217F92B}
	EndGlobalSection
EndGlobal
