
Microsoft Visual Studio Solution File, Format Version 12.00
# Visual Studio Version 16
VisualStudioVersion = 16.0.31129.286
MinimumVisualStudioVersion = 10.0.40219.1
Project("{FAE04EC0-301F-11D3-BF4B-00C04F79EFBC}") = "Majik", "Majik\Majik.csproj", "{A81D8929-F751-4440-8DB0-450DF9CCDD1F}"
EndProject
Global
	GlobalSection(SolutionConfigurationPlatforms) = preSolution
		Debug|Any CPU = Debug|Any CPU
		Release|Any CPU = Release|Any CPU
	EndGlobalSection
	GlobalSection(ProjectConfigurationPlatforms) = postSolution
		{A81D8929-F751-4440-8DB0-450DF9CCDD1F}.Debug|Any CPU.ActiveCfg = Debug|Any CPU
		{A81D8929-F751-4440-8DB0-450DF9CCDD1F}.Debug|Any CPU.Build.0 = Debug|Any CPU
		{A81D8929-F751-4440-8DB0-450DF9CCDD1F}.Release|Any CPU.ActiveCfg = Release|Any CPU
		{A81D8929-F751-4440-8DB0-450DF9CCDD1F}.Release|Any CPU.Build.0 = Release|Any CPU
	EndGlobalSection
	GlobalSection(SolutionProperties) = preSolution
		HideSolutionNode = FALSE
	EndGlobalSection
	GlobalSection(ExtensibilityGlobals) = postSolution
		SolutionGuid = {B8D143B4-4484-40EF-B15A-022A62F93AAD}
	EndGlobalSection
EndGlobal
