
Microsoft Visual Studio Solution File, Format Version 12.00
# Visual Studio Version 16
VisualStudioVersion = 16.0.31129.286
MinimumVisualStudioVersion = 10.0.40219.1
Project("{FAE04EC0-301F-11D3-BF4B-00C04F79EFBC}") = "MyRegex", "MyRegex\MyRegex.csproj", "{D3C186B0-2DD9-4D62-9DB1-642E6C8749B0}"
EndProject
Global
	GlobalSection(SolutionConfigurationPlatforms) = preSolution
		Debug|Any CPU = Debug|Any CPU
		Release|Any CPU = Release|Any CPU
	EndGlobalSection
	GlobalSection(ProjectConfigurationPlatforms) = postSolution
		{D3C186B0-2DD9-4D62-9DB1-642E6C8749B0}.Debug|Any CPU.ActiveCfg = Debug|Any CPU
		{D3C186B0-2DD9-4D62-9DB1-642E6C8749B0}.Debug|Any CPU.Build.0 = Debug|Any CPU
		{D3C186B0-2DD9-4D62-9DB1-642E6C8749B0}.Release|Any CPU.ActiveCfg = Release|Any CPU
		{D3C186B0-2DD9-4D62-9DB1-642E6C8749B0}.Release|Any CPU.Build.0 = Release|Any CPU
	EndGlobalSection
	GlobalSection(SolutionProperties) = preSolution
		HideSolutionNode = FALSE
	EndGlobalSection
	GlobalSection(ExtensibilityGlobals) = postSolution
		SolutionGuid = {14B94A9B-9731-422C-824B-E728BBBB7401}
	EndGlobalSection
EndGlobal
