
Microsoft Visual Studio Solution File, Format Version 12.00
# Visual Studio Version 16
VisualStudioVersion = 16.0.31129.286
MinimumVisualStudioVersion = 10.0.40219.1
Project("{9A19103F-16F7-4668-BE54-9A1E7A4F7556}") = "Bank.UI", "Week3-Task\Bank.UI.csproj", "{2E8C368D-137F-4E7D-BD8A-DA6051F5206C}"
EndProject
Project("{9A19103F-16F7-4668-BE54-9A1E7A4F7556}") = "Bank.Data", "Bank.Data\Bank.Data.csproj", "{1DDD81B5-9910-43AF-AD98-EFFD1586F9D4}"
EndProject
Project("{9A19103F-16F7-4668-BE54-9A1E7A4F7556}") = "Bank.Commons", "Bank.Commons\Bank.Commons.csproj", "{29D79B08-33CD-413D-91E8-2FF9E781012C}"
EndProject
Project("{9A19103F-16F7-4668-BE54-9A1E7A4F7556}") = "Bank.Core", "Bank.Core\Bank.Core.csproj", "{D6E709FF-BD97-4BFE-B2EA-A7B52B7DBE4F}"
EndProject
Project("{9A19103F-16F7-4668-BE54-9A1E7A4F7556}") = "Bank.Models", "Bank.Models\Bank.Models.csproj", "{49FCD126-F3E2-4447-ACDA-ACF1C4A4F287}"
EndProject
Project("{FAE04EC0-301F-11D3-BF4B-00C04F79EFBC}") = "BankWinform.UI", "BankWinform.UI\BankWinform.UI.csproj", "{15C260C6-F3A1-4487-A383-1E576B924420}"
EndProject
Global
	GlobalSection(SolutionConfigurationPlatforms) = preSolution
		Debug|Any CPU = Debug|Any CPU
		Release|Any CPU = Release|Any CPU
	EndGlobalSection
	GlobalSection(ProjectConfigurationPlatforms) = postSolution
		{2E8C368D-137F-4E7D-BD8A-DA6051F5206C}.Debug|Any CPU.ActiveCfg = Debug|Any CPU
		{2E8C368D-137F-4E7D-BD8A-DA6051F5206C}.Debug|Any CPU.Build.0 = Debug|Any CPU
		{2E8C368D-137F-4E7D-BD8A-DA6051F5206C}.Release|Any CPU.ActiveCfg = Release|Any CPU
		{2E8C368D-137F-4E7D-BD8A-DA6051F5206C}.Release|Any CPU.Build.0 = Release|Any CPU
		{1DDD81B5-9910-43AF-AD98-EFFD1586F9D4}.Debug|Any CPU.ActiveCfg = Debug|Any CPU
		{1DDD81B5-9910-43AF-AD98-EFFD1586F9D4}.Debug|Any CPU.Build.0 = Debug|Any CPU
		{1DDD81B5-9910-43AF-AD98-EFFD1586F9D4}.Release|Any CPU.ActiveCfg = Release|Any CPU
		{1DDD81B5-9910-43AF-AD98-EFFD1586F9D4}.Release|Any CPU.Build.0 = Release|Any CPU
		{29D79B08-33CD-413D-91E8-2FF9E781012C}.Debug|Any CPU.ActiveCfg = Debug|Any CPU
		{29D79B08-33CD-413D-91E8-2FF9E781012C}.Debug|Any CPU.Build.0 = Debug|Any CPU
		{29D79B08-33CD-413D-91E8-2FF9E781012C}.Release|Any CPU.ActiveCfg = Release|Any CPU
		{29D79B08-33CD-413D-91E8-2FF9E781012C}.Release|Any CPU.Build.0 = Release|Any CPU
		{D6E709FF-BD97-4BFE-B2EA-A7B52B7DBE4F}.Debug|Any CPU.ActiveCfg = Debug|Any CPU
		{D6E709FF-BD97-4BFE-B2EA-A7B52B7DBE4F}.Debug|Any CPU.Build.0 = Debug|Any CPU
		{D6E709FF-BD97-4BFE-B2EA-A7B52B7DBE4F}.Release|Any CPU.ActiveCfg = Release|Any CPU
		{D6E709FF-BD97-4BFE-B2EA-A7B52B7DBE4F}.Release|Any CPU.Build.0 = Release|Any CPU
		{49FCD126-F3E2-4447-ACDA-ACF1C4A4F287}.Debug|Any CPU.ActiveCfg = Debug|Any CPU
		{49FCD126-F3E2-4447-ACDA-ACF1C4A4F287}.Debug|Any CPU.Build.0 = Debug|Any CPU
		{49FCD126-F3E2-4447-ACDA-ACF1C4A4F287}.Release|Any CPU.ActiveCfg = Release|Any CPU
		{49FCD126-F3E2-4447-ACDA-ACF1C4A4F287}.Release|Any CPU.Build.0 = Release|Any CPU
		{15C260C6-F3A1-4487-A383-1E576B924420}.Debug|Any CPU.ActiveCfg = Debug|Any CPU
		{15C260C6-F3A1-4487-A383-1E576B924420}.Debug|Any CPU.Build.0 = Debug|Any CPU
		{15C260C6-F3A1-4487-A383-1E576B924420}.Release|Any CPU.ActiveCfg = Release|Any CPU
		{15C260C6-F3A1-4487-A383-1E576B924420}.Release|Any CPU.Build.0 = Release|Any CPU
	EndGlobalSection
	GlobalSection(SolutionProperties) = preSolution
		HideSolutionNode = FALSE
	EndGlobalSection
	GlobalSection(ExtensibilityGlobals) = postSolution
		SolutionGuid = {D04A83AB-54F0-493F-A841-02A316789258}
	EndGlobalSection
EndGlobal
